
Microsoft Visual Studio Solution File, Format Version 12.00
# Visual Studio 2013
VisualStudioVersion = 12.0.31101.0
MinimumVisualStudioVersion = 10.0.40219.1
Project("{FAE04EC0-301F-11D3-BF4B-00C04F79EFBC}") = "WebApp", "WebApp\WebApp.csproj", "{2FC258E1-ACE4-44E4-A35F-EE9E332558D1}"
EndProject
Project("{FAE04EC0-301F-11D3-BF4B-00C04F79EFBC}") = "WebApp.Tests", "WebApp.Tests\WebApp.Tests.csproj", "{4E8CE9AC-4709-4647-8B5E-B7815D8B50CE}"
EndProject
Global
	GlobalSection(SolutionConfigurationPlatforms) = preSolution
		Debug|Any CPU = Debug|Any CPU
		Release|Any CPU = Release|Any CPU
	EndGlobalSection
	GlobalSection(ProjectConfigurationPlatforms) = postSolution
		{2FC258E1-ACE4-44E4-A35F-EE9E332558D1}.Debug|Any CPU.ActiveCfg = Debug|Any CPU
		{2FC258E1-ACE4-44E4-A35F-EE9E332558D1}.Debug|Any CPU.Build.0 = Debug|Any CPU
		{2FC258E1-ACE4-44E4-A35F-EE9E332558D1}.Release|Any CPU.ActiveCfg = Release|Any CPU
		{2FC258E1-ACE4-44E4-A35F-EE9E332558D1}.Release|Any CPU.Build.0 = Release|Any CPU
		{4E8CE9AC-4709-4647-8B5E-B7815D8B50CE}.Debug|Any CPU.ActiveCfg = Debug|Any CPU
		{4E8CE9AC-4709-4647-8B5E-B7815D8B50CE}.Debug|Any CPU.Build.0 = Debug|Any CPU
		{4E8CE9AC-4709-4647-8B5E-B7815D8B50CE}.Release|Any CPU.ActiveCfg = Release|Any CPU
		{4E8CE9AC-4709-4647-8B5E-B7815D8B50CE}.Release|Any CPU.Build.0 = Release|Any CPU
	EndGlobalSection
	GlobalSection(SolutionProperties) = preSolution
		HideSolutionNode = FALSE
	EndGlobalSection
EndGlobal
